
Microsoft Visual Studio Solution File, Format Version 12.00
# Visual Studio 14
VisualStudioVersion = 14.0.25420.1
MinimumVisualStudioVersion = 10.0.40219.1
Project("{FAE04EC0-301F-11D3-BF4B-00C04F79EFBC}") = "01_Stealer", "01_Stealer\01_Stealer.csproj", "{58A080B4-2310-4787-B7E8-03A567D87D74}"
EndProject
Project("{FAE04EC0-301F-11D3-BF4B-00C04F79EFBC}") = "02_High-Quality-Mistakes", "02_High-Quality-Mistakes\02_High-Quality-Mistakes.csproj", "{BB146C7D-54D7-45E5-B969-A113F127DDC2}"
EndProject
Project("{FAE04EC0-301F-11D3-BF4B-00C04F79EFBC}") = "03_Mission-Private-Impossible", "03_Mission-Private-Impossible\03_Mission-Private-Impossible.csproj", "{B4D2242A-4594-461B-B192-5844FE935173}"
EndProject
Project("{FAE04EC0-301F-11D3-BF4B-00C04F79EFBC}") = "04_Collector", "04_Collector\04_Collector.csproj", "{6112B7BD-831D-4D61-81A0-02DD11272A9E}"
EndProject
Global
	GlobalSection(SolutionConfigurationPlatforms) = preSolution
		Debug|Any CPU = Debug|Any CPU
		Release|Any CPU = Release|Any CPU
	EndGlobalSection
	GlobalSection(ProjectConfigurationPlatforms) = postSolution
		{58A080B4-2310-4787-B7E8-03A567D87D74}.Debug|Any CPU.ActiveCfg = Debug|Any CPU
		{58A080B4-2310-4787-B7E8-03A567D87D74}.Debug|Any CPU.Build.0 = Debug|Any CPU
		{58A080B4-2310-4787-B7E8-03A567D87D74}.Release|Any CPU.ActiveCfg = Release|Any CPU
		{58A080B4-2310-4787-B7E8-03A567D87D74}.Release|Any CPU.Build.0 = Release|Any CPU
		{BB146C7D-54D7-45E5-B969-A113F127DDC2}.Debug|Any CPU.ActiveCfg = Debug|Any CPU
		{BB146C7D-54D7-45E5-B969-A113F127DDC2}.Debug|Any CPU.Build.0 = Debug|Any CPU
		{BB146C7D-54D7-45E5-B969-A113F127DDC2}.Release|Any CPU.ActiveCfg = Release|Any CPU
		{BB146C7D-54D7-45E5-B969-A113F127DDC2}.Release|Any CPU.Build.0 = Release|Any CPU
		{B4D2242A-4594-461B-B192-5844FE935173}.Debug|Any CPU.ActiveCfg = Debug|Any CPU
		{B4D2242A-4594-461B-B192-5844FE935173}.Debug|Any CPU.Build.0 = Debug|Any CPU
		{B4D2242A-4594-461B-B192-5844FE935173}.Release|Any CPU.ActiveCfg = Release|Any CPU
		{B4D2242A-4594-461B-B192-5844FE935173}.Release|Any CPU.Build.0 = Release|Any CPU
		{6112B7BD-831D-4D61-81A0-02DD11272A9E}.Debug|Any CPU.ActiveCfg = Debug|Any CPU
		{6112B7BD-831D-4D61-81A0-02DD11272A9E}.Debug|Any CPU.Build.0 = Debug|Any CPU
		{6112B7BD-831D-4D61-81A0-02DD11272A9E}.Release|Any CPU.ActiveCfg = Release|Any CPU
		{6112B7BD-831D-4D61-81A0-02DD11272A9E}.Release|Any CPU.Build.0 = Release|Any CPU
	EndGlobalSection
	GlobalSection(SolutionProperties) = preSolution
		HideSolutionNode = FALSE
	EndGlobalSection
EndGlobal
