
Microsoft Visual Studio Solution File, Format Version 12.00
# Visual Studio 14
VisualStudioVersion = 14.0.25420.1
MinimumVisualStudioVersion = 10.0.40219.1
Project("{FAE04EC0-301F-11D3-BF4B-00C04F79EFBC}") = "01_Card-Suit", "01_Card-Suit\01_Card-Suit.csproj", "{3F3E70D4-AC81-49AC-A262-26D6B522EA60}"
EndProject
Project("{FAE04EC0-301F-11D3-BF4B-00C04F79EFBC}") = "02_Card-Rank", "02_Card-Rank\02_Card-Rank.csproj", "{E736510F-7F7F-48C6-8D93-A2F872A59A7A}"
EndProject
Project("{FAE04EC0-301F-11D3-BF4B-00C04F79EFBC}") = "03_Card-Power", "03_Card-Power\03_Card-Power.csproj", "{2F7ACF14-F8D7-4C79-B90F-02AE904B5CB7}"
EndProject
Project("{FAE04EC0-301F-11D3-BF4B-00C04F79EFBC}") = "04_Card-ToString", "04_Card-ToString\04_Card-ToString.csproj", "{A564967B-4E51-42B8-96E7-503E971C7819}"
EndProject
Project("{FAE04EC0-301F-11D3-BF4B-00C04F79EFBC}") = "05_Card-CompareTo", "05_Card-CompareTo\05_Card-CompareTo.csproj", "{F11822B0-0FFA-42ED-95A5-815886B2A9EC}"
EndProject
Project("{FAE04EC0-301F-11D3-BF4B-00C04F79EFBC}") = "06_Custom-Enum-Attribute", "06_Custom-Enum-Attribute\06_Custom-Enum-Attribute.csproj", "{009E91D1-CCA4-4F4F-9123-AB0B5EA8B74F}"
EndProject
Project("{FAE04EC0-301F-11D3-BF4B-00C04F79EFBC}") = "07_Deck-Of-Cards", "07_Deck-Of-Cards\07_Deck-Of-Cards.csproj", "{B1C200EE-A662-46FE-AE00-C06A65655A6B}"
EndProject
Project("{FAE04EC0-301F-11D3-BF4B-00C04F79EFBC}") = "08_Card-Game", "08_Card-Game\08_Card-Game.csproj", "{FCC61AE2-BC2F-4BA9-9B87-77643037D47B}"
EndProject
Project("{FAE04EC0-301F-11D3-BF4B-00C04F79EFBC}") = "09_Traffic-Lights", "09_Traffic-Lights\09_Traffic-Lights.csproj", "{F1528E87-9F12-4279-8A19-5FD4453745C4}"
EndProject
Project("{FAE04EC0-301F-11D3-BF4B-00C04F79EFBC}") = "10_Create-Custom-Class-Attribute", "10_Create-Custom-Class-Attribute\10_Create-Custom-Class-Attribute.csproj", "{C4A6CFCF-757D-46DA-82CC-B3B8CE1BA68F}"
EndProject
Project("{FAE04EC0-301F-11D3-BF4B-00C04F79EFBC}") = "11_Inferno-Infinity", "11_Inferno-Infinity\11_Inferno-Infinity.csproj", "{7A8C96B4-50A7-425A-BCC2-779069D2EAFC}"
EndProject
Global
	GlobalSection(SolutionConfigurationPlatforms) = preSolution
		Debug|Any CPU = Debug|Any CPU
		Release|Any CPU = Release|Any CPU
	EndGlobalSection
	GlobalSection(ProjectConfigurationPlatforms) = postSolution
		{3F3E70D4-AC81-49AC-A262-26D6B522EA60}.Debug|Any CPU.ActiveCfg = Debug|Any CPU
		{3F3E70D4-AC81-49AC-A262-26D6B522EA60}.Debug|Any CPU.Build.0 = Debug|Any CPU
		{3F3E70D4-AC81-49AC-A262-26D6B522EA60}.Release|Any CPU.ActiveCfg = Release|Any CPU
		{3F3E70D4-AC81-49AC-A262-26D6B522EA60}.Release|Any CPU.Build.0 = Release|Any CPU
		{E736510F-7F7F-48C6-8D93-A2F872A59A7A}.Debug|Any CPU.ActiveCfg = Debug|Any CPU
		{E736510F-7F7F-48C6-8D93-A2F872A59A7A}.Debug|Any CPU.Build.0 = Debug|Any CPU
		{E736510F-7F7F-48C6-8D93-A2F872A59A7A}.Release|Any CPU.ActiveCfg = Release|Any CPU
		{E736510F-7F7F-48C6-8D93-A2F872A59A7A}.Release|Any CPU.Build.0 = Release|Any CPU
		{2F7ACF14-F8D7-4C79-B90F-02AE904B5CB7}.Debug|Any CPU.ActiveCfg = Debug|Any CPU
		{2F7ACF14-F8D7-4C79-B90F-02AE904B5CB7}.Debug|Any CPU.Build.0 = Debug|Any CPU
		{2F7ACF14-F8D7-4C79-B90F-02AE904B5CB7}.Release|Any CPU.ActiveCfg = Release|Any CPU
		{2F7ACF14-F8D7-4C79-B90F-02AE904B5CB7}.Release|Any CPU.Build.0 = Release|Any CPU
		{A564967B-4E51-42B8-96E7-503E971C7819}.Debug|Any CPU.ActiveCfg = Debug|Any CPU
		{A564967B-4E51-42B8-96E7-503E971C7819}.Debug|Any CPU.Build.0 = Debug|Any CPU
		{A564967B-4E51-42B8-96E7-503E971C7819}.Release|Any CPU.ActiveCfg = Release|Any CPU
		{A564967B-4E51-42B8-96E7-503E971C7819}.Release|Any CPU.Build.0 = Release|Any CPU
		{F11822B0-0FFA-42ED-95A5-815886B2A9EC}.Debug|Any CPU.ActiveCfg = Debug|Any CPU
		{F11822B0-0FFA-42ED-95A5-815886B2A9EC}.Debug|Any CPU.Build.0 = Debug|Any CPU
		{F11822B0-0FFA-42ED-95A5-815886B2A9EC}.Release|Any CPU.ActiveCfg = Release|Any CPU
		{F11822B0-0FFA-42ED-95A5-815886B2A9EC}.Release|Any CPU.Build.0 = Release|Any CPU
		{009E91D1-CCA4-4F4F-9123-AB0B5EA8B74F}.Debug|Any CPU.ActiveCfg = Debug|Any CPU
		{009E91D1-CCA4-4F4F-9123-AB0B5EA8B74F}.Debug|Any CPU.Build.0 = Debug|Any CPU
		{009E91D1-CCA4-4F4F-9123-AB0B5EA8B74F}.Release|Any CPU.ActiveCfg = Release|Any CPU
		{009E91D1-CCA4-4F4F-9123-AB0B5EA8B74F}.Release|Any CPU.Build.0 = Release|Any CPU
		{B1C200EE-A662-46FE-AE00-C06A65655A6B}.Debug|Any CPU.ActiveCfg = Debug|Any CPU
		{B1C200EE-A662-46FE-AE00-C06A65655A6B}.Debug|Any CPU.Build.0 = Debug|Any CPU
		{B1C200EE-A662-46FE-AE00-C06A65655A6B}.Release|Any CPU.ActiveCfg = Release|Any CPU
		{B1C200EE-A662-46FE-AE00-C06A65655A6B}.Release|Any CPU.Build.0 = Release|Any CPU
		{FCC61AE2-BC2F-4BA9-9B87-77643037D47B}.Debug|Any CPU.ActiveCfg = Debug|Any CPU
		{FCC61AE2-BC2F-4BA9-9B87-77643037D47B}.Debug|Any CPU.Build.0 = Debug|Any CPU
		{FCC61AE2-BC2F-4BA9-9B87-77643037D47B}.Release|Any CPU.ActiveCfg = Release|Any CPU
		{FCC61AE2-BC2F-4BA9-9B87-77643037D47B}.Release|Any CPU.Build.0 = Release|Any CPU
		{F1528E87-9F12-4279-8A19-5FD4453745C4}.Debug|Any CPU.ActiveCfg = Debug|Any CPU
		{F1528E87-9F12-4279-8A19-5FD4453745C4}.Debug|Any CPU.Build.0 = Debug|Any CPU
		{F1528E87-9F12-4279-8A19-5FD4453745C4}.Release|Any CPU.ActiveCfg = Release|Any CPU
		{F1528E87-9F12-4279-8A19-5FD4453745C4}.Release|Any CPU.Build.0 = Release|Any CPU
		{C4A6CFCF-757D-46DA-82CC-B3B8CE1BA68F}.Debug|Any CPU.ActiveCfg = Debug|Any CPU
		{C4A6CFCF-757D-46DA-82CC-B3B8CE1BA68F}.Debug|Any CPU.Build.0 = Debug|Any CPU
		{C4A6CFCF-757D-46DA-82CC-B3B8CE1BA68F}.Release|Any CPU.ActiveCfg = Release|Any CPU
		{C4A6CFCF-757D-46DA-82CC-B3B8CE1BA68F}.Release|Any CPU.Build.0 = Release|Any CPU
		{7A8C96B4-50A7-425A-BCC2-779069D2EAFC}.Debug|Any CPU.ActiveCfg = Debug|Any CPU
		{7A8C96B4-50A7-425A-BCC2-779069D2EAFC}.Debug|Any CPU.Build.0 = Debug|Any CPU
		{7A8C96B4-50A7-425A-BCC2-779069D2EAFC}.Release|Any CPU.ActiveCfg = Release|Any CPU
		{7A8C96B4-50A7-425A-BCC2-779069D2EAFC}.Release|Any CPU.Build.0 = Release|Any CPU
	EndGlobalSection
	GlobalSection(SolutionProperties) = preSolution
		HideSolutionNode = FALSE
	EndGlobalSection
EndGlobal
